
Microsoft Visual Studio Solution File, Format Version 12.00
# Visual Studio Version 16
VisualStudioVersion = 16.0.29009.5
MinimumVisualStudioVersion = 10.0.40219.1
Project("{8BC9CEB8-8B4A-11D0-8D11-00A0C91BC942}") = "somethingawesome", "somethingawesome.vcxproj", "{ED579BEB-EF32-4F8C-92CE-F018760BC9BC}"
EndProject
Global
	GlobalSection(SolutionConfigurationPlatforms) = preSolution
		Debug|x64 = Debug|x64
		Debug|x86 = Debug|x86
		Release|x64 = Release|x64
		Release|x86 = Release|x86
	EndGlobalSection
	GlobalSection(ProjectConfigurationPlatforms) = postSolution
		{ED579BEB-EF32-4F8C-92CE-F018760BC9BC}.Debug|x64.ActiveCfg = Debug|x64
		{ED579BEB-EF32-4F8C-92CE-F018760BC9BC}.Debug|x64.Build.0 = Debug|x64
		{ED579BEB-EF32-4F8C-92CE-F018760BC9BC}.Debug|x86.ActiveCfg = Debug|Win32
		{ED579BEB-EF32-4F8C-92CE-F018760BC9BC}.Debug|x86.Build.0 = Debug|Win32
		{ED579BEB-EF32-4F8C-92CE-F018760BC9BC}.Release|x64.ActiveCfg = Release|x64
		{ED579BEB-EF32-4F8C-92CE-F018760BC9BC}.Release|x64.Build.0 = Release|x64
		{ED579BEB-EF32-4F8C-92CE-F018760BC9BC}.Release|x86.ActiveCfg = Release|Win32
		{ED579BEB-EF32-4F8C-92CE-F018760BC9BC}.Release|x86.Build.0 = Release|Win32
	EndGlobalSection
	GlobalSection(SolutionProperties) = preSolution
		HideSolutionNode = FALSE
	EndGlobalSection
	GlobalSection(ExtensibilityGlobals) = postSolution
		SolutionGuid = {9A77EB65-D9D3-4B53-B889-37D1AD121144}
	EndGlobalSection
EndGlobal
